
Microsoft Visual Studio Solution File, Format Version 12.00
# Visual Studio 15
VisualStudioVersion = 15.0.26124.0
MinimumVisualStudioVersion = 15.0.26124.0
Project("{9A19103F-16F7-4668-BE54-9A1E7A4F7556}") = "OnBoarding", "OnBoarding\OnBoarding.csproj", "{962B6D0A-09A5-4C6E-AA15-EB0233B0C33E}"
EndProject
Project("{9A19103F-16F7-4668-BE54-9A1E7A4F7556}") = "OnBoardingTestCases", "OnBoardingTestCases\OnBoardingTestCases.csproj", "{CA8C54C0-E622-461C-8E7E-78CB1AC02B97}"
EndProject
Global
	GlobalSection(SolutionConfigurationPlatforms) = preSolution
		Debug|Any CPU = Debug|Any CPU
		Release|Any CPU = Release|Any CPU
	EndGlobalSection
	GlobalSection(ProjectConfigurationPlatforms) = postSolution
		{962B6D0A-09A5-4C6E-AA15-EB0233B0C33E}.Debug|Any CPU.ActiveCfg = Debug|Any CPU
		{962B6D0A-09A5-4C6E-AA15-EB0233B0C33E}.Debug|Any CPU.Build.0 = Debug|Any CPU
		{962B6D0A-09A5-4C6E-AA15-EB0233B0C33E}.Release|Any CPU.ActiveCfg = Release|Any CPU
		{962B6D0A-09A5-4C6E-AA15-EB0233B0C33E}.Release|Any CPU.Build.0 = Release|Any CPU
		{CA8C54C0-E622-461C-8E7E-78CB1AC02B97}.Debug|Any CPU.ActiveCfg = Debug|Any CPU
		{CA8C54C0-E622-461C-8E7E-78CB1AC02B97}.Debug|Any CPU.Build.0 = Debug|Any CPU
		{CA8C54C0-E622-461C-8E7E-78CB1AC02B97}.Release|Any CPU.ActiveCfg = Release|Any CPU
		{CA8C54C0-E622-461C-8E7E-78CB1AC02B97}.Release|Any CPU.Build.0 = Release|Any CPU
	EndGlobalSection
	GlobalSection(SolutionProperties) = preSolution
		HideSolutionNode = FALSE
	EndGlobalSection
	GlobalSection(ExtensibilityGlobals) = postSolution
		SolutionGuid = {580EE0E4-D89B-4BA5-AA50-649DA7A9B4D2}
	EndGlobalSection
EndGlobal
