
Microsoft Visual Studio Solution File, Format Version 12.00
# Visual Studio 15
VisualStudioVersion = 15.0.26124.0
MinimumVisualStudioVersion = 15.0.26124.0
Project("{9A19103F-16F7-4668-BE54-9A1E7A4F7556}") = "OnBoarding", "OnBoarding.csproj", "{23761583-C41B-4E61-8728-3D6D4D9BA838}"
EndProject
Project("{FAE04EC0-301F-11D3-BF4B-00C04F79EFBC}") = "OnBoardingTestCases", "..\OnBoardingTestCases\OnBoardingTestCases.csproj", "{293C2C76-9763-4A27-A5B0-A6B5BC21EDF6}"
EndProject
Global
	GlobalSection(SolutionConfigurationPlatforms) = preSolution
		Debug|Any CPU = Debug|Any CPU
		Debug|x64 = Debug|x64
		Debug|x86 = Debug|x86
		Release|Any CPU = Release|Any CPU
		Release|x64 = Release|x64
		Release|x86 = Release|x86
	EndGlobalSection
	GlobalSection(ProjectConfigurationPlatforms) = postSolution
		{23761583-C41B-4E61-8728-3D6D4D9BA838}.Debug|Any CPU.ActiveCfg = Debug|Any CPU
		{23761583-C41B-4E61-8728-3D6D4D9BA838}.Debug|Any CPU.Build.0 = Debug|Any CPU
		{23761583-C41B-4E61-8728-3D6D4D9BA838}.Debug|x64.ActiveCfg = Debug|Any CPU
		{23761583-C41B-4E61-8728-3D6D4D9BA838}.Debug|x64.Build.0 = Debug|Any CPU
		{23761583-C41B-4E61-8728-3D6D4D9BA838}.Debug|x86.ActiveCfg = Debug|Any CPU
		{23761583-C41B-4E61-8728-3D6D4D9BA838}.Debug|x86.Build.0 = Debug|Any CPU
		{23761583-C41B-4E61-8728-3D6D4D9BA838}.Release|Any CPU.ActiveCfg = Release|Any CPU
		{23761583-C41B-4E61-8728-3D6D4D9BA838}.Release|Any CPU.Build.0 = Release|Any CPU
		{23761583-C41B-4E61-8728-3D6D4D9BA838}.Release|x64.ActiveCfg = Release|Any CPU
		{23761583-C41B-4E61-8728-3D6D4D9BA838}.Release|x64.Build.0 = Release|Any CPU
		{23761583-C41B-4E61-8728-3D6D4D9BA838}.Release|x86.ActiveCfg = Release|Any CPU
		{23761583-C41B-4E61-8728-3D6D4D9BA838}.Release|x86.Build.0 = Release|Any CPU
		{293C2C76-9763-4A27-A5B0-A6B5BC21EDF6}.Debug|Any CPU.ActiveCfg = Debug|Any CPU
		{293C2C76-9763-4A27-A5B0-A6B5BC21EDF6}.Debug|Any CPU.Build.0 = Debug|Any CPU
		{293C2C76-9763-4A27-A5B0-A6B5BC21EDF6}.Debug|x64.ActiveCfg = Debug|Any CPU
		{293C2C76-9763-4A27-A5B0-A6B5BC21EDF6}.Debug|x64.Build.0 = Debug|Any CPU
		{293C2C76-9763-4A27-A5B0-A6B5BC21EDF6}.Debug|x86.ActiveCfg = Debug|Any CPU
		{293C2C76-9763-4A27-A5B0-A6B5BC21EDF6}.Debug|x86.Build.0 = Debug|Any CPU
		{293C2C76-9763-4A27-A5B0-A6B5BC21EDF6}.Release|Any CPU.ActiveCfg = Release|Any CPU
		{293C2C76-9763-4A27-A5B0-A6B5BC21EDF6}.Release|Any CPU.Build.0 = Release|Any CPU
		{293C2C76-9763-4A27-A5B0-A6B5BC21EDF6}.Release|x64.ActiveCfg = Release|Any CPU
		{293C2C76-9763-4A27-A5B0-A6B5BC21EDF6}.Release|x64.Build.0 = Release|Any CPU
		{293C2C76-9763-4A27-A5B0-A6B5BC21EDF6}.Release|x86.ActiveCfg = Release|Any CPU
		{293C2C76-9763-4A27-A5B0-A6B5BC21EDF6}.Release|x86.Build.0 = Release|Any CPU
	EndGlobalSection
	GlobalSection(SolutionProperties) = preSolution
		HideSolutionNode = FALSE
	EndGlobalSection
	GlobalSection(ExtensibilityGlobals) = postSolution
		SolutionGuid = {580EE0E4-D89B-4BA5-AA50-649DA7A9B4D2}
	EndGlobalSection
EndGlobal
